
Microsoft Visual Studio Solution File, Format Version 12.00
# Visual Studio Version 17
VisualStudioVersion = 17.7.34031.279
MinimumVisualStudioVersion = 10.0.40219.1
Project("{9A19103F-16F7-4668-BE54-9A1E7A4F7556}") = "ACT1AskAndSum", "ACT1AskAndSum\ACT1AskAndSum.csproj", "{58C22A2F-D92D-4C9D-AD0F-6CBEAC67889B}"
EndProject
Project("{9A19103F-16F7-4668-BE54-9A1E7A4F7556}") = "ACT2CopyNotRepeated", "ACT2CopyNotRepeated\ACT2CopyNotRepeated.csproj", "{7D716CFB-7AA4-4AAC-BB8C-E6385E9B80E5}"
EndProject
Project("{9A19103F-16F7-4668-BE54-9A1E7A4F7556}") = "ACT3FindSmallestAndBiggestValue", "ACT3FindSmallestAndBiggestValue\ACT3FindSmallestAndBiggestValue.csproj", "{135838F9-7F77-41F0-BCFD-F93D84027C5F}"
EndProject
Project("{9A19103F-16F7-4668-BE54-9A1E7A4F7556}") = "ACT4ShowUserMult", "ACT4ShowUserMult\ACT4ShowUserMult.csproj", "{22BE2015-DCF1-45F9-A10C-FB49EF328495}"
EndProject
Project("{FAE04EC0-301F-11D3-BF4B-00C04F79EFBC}") = "ACT5DiagonalOfArrays", "ACT5DiagonalOfArrays\ACT5DiagonalOfArrays.csproj", "{5B096269-1E2B-4003-BDB1-202C85D41B44}"
EndProject
Global
	GlobalSection(SolutionConfigurationPlatforms) = preSolution
		Debug|Any CPU = Debug|Any CPU
		Release|Any CPU = Release|Any CPU
	EndGlobalSection
	GlobalSection(ProjectConfigurationPlatforms) = postSolution
		{58C22A2F-D92D-4C9D-AD0F-6CBEAC67889B}.Debug|Any CPU.ActiveCfg = Debug|Any CPU
		{58C22A2F-D92D-4C9D-AD0F-6CBEAC67889B}.Debug|Any CPU.Build.0 = Debug|Any CPU
		{58C22A2F-D92D-4C9D-AD0F-6CBEAC67889B}.Release|Any CPU.ActiveCfg = Release|Any CPU
		{58C22A2F-D92D-4C9D-AD0F-6CBEAC67889B}.Release|Any CPU.Build.0 = Release|Any CPU
		{7D716CFB-7AA4-4AAC-BB8C-E6385E9B80E5}.Debug|Any CPU.ActiveCfg = Debug|Any CPU
		{7D716CFB-7AA4-4AAC-BB8C-E6385E9B80E5}.Debug|Any CPU.Build.0 = Debug|Any CPU
		{7D716CFB-7AA4-4AAC-BB8C-E6385E9B80E5}.Release|Any CPU.ActiveCfg = Release|Any CPU
		{7D716CFB-7AA4-4AAC-BB8C-E6385E9B80E5}.Release|Any CPU.Build.0 = Release|Any CPU
		{135838F9-7F77-41F0-BCFD-F93D84027C5F}.Debug|Any CPU.ActiveCfg = Debug|Any CPU
		{135838F9-7F77-41F0-BCFD-F93D84027C5F}.Debug|Any CPU.Build.0 = Debug|Any CPU
		{135838F9-7F77-41F0-BCFD-F93D84027C5F}.Release|Any CPU.ActiveCfg = Release|Any CPU
		{135838F9-7F77-41F0-BCFD-F93D84027C5F}.Release|Any CPU.Build.0 = Release|Any CPU
		{22BE2015-DCF1-45F9-A10C-FB49EF328495}.Debug|Any CPU.ActiveCfg = Debug|Any CPU
		{22BE2015-DCF1-45F9-A10C-FB49EF328495}.Debug|Any CPU.Build.0 = Debug|Any CPU
		{22BE2015-DCF1-45F9-A10C-FB49EF328495}.Release|Any CPU.ActiveCfg = Release|Any CPU
		{22BE2015-DCF1-45F9-A10C-FB49EF328495}.Release|Any CPU.Build.0 = Release|Any CPU
		{5B096269-1E2B-4003-BDB1-202C85D41B44}.Debug|Any CPU.ActiveCfg = Debug|Any CPU
		{5B096269-1E2B-4003-BDB1-202C85D41B44}.Debug|Any CPU.Build.0 = Debug|Any CPU
		{5B096269-1E2B-4003-BDB1-202C85D41B44}.Release|Any CPU.ActiveCfg = Release|Any CPU
		{5B096269-1E2B-4003-BDB1-202C85D41B44}.Release|Any CPU.Build.0 = Release|Any CPU
	EndGlobalSection
	GlobalSection(SolutionProperties) = preSolution
		HideSolutionNode = FALSE
	EndGlobalSection
	GlobalSection(ExtensibilityGlobals) = postSolution
		SolutionGuid = {BFB5BE69-FB80-4E83-9037-9C4523B3F7A7}
	EndGlobalSection
EndGlobal
